// !$*UTF8*$!
{
	archiveVersion = 1;
	classes = {
	};
	objectVersion = 47;
	objects = {

/* Begin PBXFileReference section */
		11FBC5AC1B8F5B7E00FCCF44 /* DJetCorrAnalysis.h */ = {isa = PBXFileReference; lastKnownFileType = sourcecode.c.h; name = DJetCorrAnalysis.h; path = ../DJetCorrAnalysis.h; sourceTree = "<group>"; };
		11FBC5AD1B8F5B7E00FCCF44 /* DJetCorrAnalysisComparer.h */ = {isa = PBXFileReference; lastKnownFileType = sourcecode.c.h; name = DJetCorrAnalysisComparer.h; path = ../DJetCorrAnalysisComparer.h; sourceTree = "<group>"; };
		11FBC5AE1B8F5B7E00FCCF44 /* DJetCorrAnalysisParams.h */ = {isa = PBXFileReference; lastKnownFileType = sourcecode.c.h; name = DJetCorrAnalysisParams.h; path = ../DJetCorrAnalysisParams.h; sourceTree = "<group>"; };
		11FBC5AF1B8F5B7E00FCCF44 /* DJetCorrBase.h */ = {isa = PBXFileReference; lastKnownFileType = sourcecode.c.h; name = DJetCorrBase.h; path = ../DJetCorrBase.h; sourceTree = "<group>"; };
		11FBC5B01B8F5B7E00FCCF44 /* DJetCorrResponse.h */ = {isa = PBXFileReference; lastKnownFileType = sourcecode.c.h; name = DJetCorrResponse.h; path = ../DJetCorrResponse.h; sourceTree = "<group>"; };
		11FBC5B11B8F5B7E00FCCF44 /* DJetCorrUnfold.h */ = {isa = PBXFileReference; lastKnownFileType = sourcecode.c.h; name = DJetCorrUnfold.h; path = ../DJetCorrUnfold.h; sourceTree = "<group>"; };
		11FBC5B21B8F5B7E00FCCF44 /* HistoStyler.h */ = {isa = PBXFileReference; lastKnownFileType = sourcecode.c.h; name = HistoStyler.h; path = ../HistoStyler.h; sourceTree = "<group>"; };
		11FBC5B31B8F5B7E00FCCF44 /* MassFitter.h */ = {isa = PBXFileReference; lastKnownFileType = sourcecode.c.h; name = MassFitter.h; path = ../MassFitter.h; sourceTree = "<group>"; };
		11FBC5B41B8F5B7E00FCCF44 /* runDJetCorrAnalysis.C */ = {isa = PBXFileReference; lastKnownFileType = sourcecode.cpp.cpp; name = runDJetCorrAnalysis.C; path = ../runDJetCorrAnalysis.C; sourceTree = "<group>"; };
		11FBC5B51B8F5B7E00FCCF44 /* runDJetCorrAnalysisComparer.C */ = {isa = PBXFileReference; lastKnownFileType = sourcecode.cpp.cpp; name = runDJetCorrAnalysisComparer.C; path = ../runDJetCorrAnalysisComparer.C; sourceTree = "<group>"; };
		11FBC5B61B8F5B7E00FCCF44 /* runDJetCorrResponse.C */ = {isa = PBXFileReference; lastKnownFileType = sourcecode.cpp.cpp; name = runDJetCorrResponse.C; path = ../runDJetCorrResponse.C; sourceTree = "<group>"; };
		11FBC5B71B8F5B7E00FCCF44 /* runDJetCorrUnfold.C */ = {isa = PBXFileReference; lastKnownFileType = sourcecode.cpp.cpp; name = runDJetCorrUnfold.C; path = ../runDJetCorrUnfold.C; sourceTree = "<group>"; };
		11FBC5B81B8F5B7E00FCCF44 /* TestMassFitter.C */ = {isa = PBXFileReference; lastKnownFileType = sourcecode.cpp.cpp; name = TestMassFitter.C; path = ../TestMassFitter.C; sourceTree = "<group>"; };
		11FBC5B91B8F5B7E00FCCF44 /* DJetCorrAnalysis.cxx */ = {isa = PBXFileReference; lastKnownFileType = sourcecode.cpp.cpp; name = DJetCorrAnalysis.cxx; path = ../DJetCorrAnalysis.cxx; sourceTree = "<group>"; };
		11FBC5BA1B8F5B7E00FCCF44 /* DJetCorrAnalysisComparer.cxx */ = {isa = PBXFileReference; lastKnownFileType = sourcecode.cpp.cpp; name = DJetCorrAnalysisComparer.cxx; path = ../DJetCorrAnalysisComparer.cxx; sourceTree = "<group>"; };
		11FBC5BB1B8F5B7E00FCCF44 /* DJetCorrAnalysisParams.cxx */ = {isa = PBXFileReference; lastKnownFileType = sourcecode.cpp.cpp; name = DJetCorrAnalysisParams.cxx; path = ../DJetCorrAnalysisParams.cxx; sourceTree = "<group>"; };
		11FBC5BC1B8F5B7E00FCCF44 /* DJetCorrBase.cxx */ = {isa = PBXFileReference; lastKnownFileType = sourcecode.cpp.cpp; name = DJetCorrBase.cxx; path = ../DJetCorrBase.cxx; sourceTree = "<group>"; };
		11FBC5BD1B8F5B7E00FCCF44 /* DJetCorrResponse.cxx */ = {isa = PBXFileReference; lastKnownFileType = sourcecode.cpp.cpp; name = DJetCorrResponse.cxx; path = ../DJetCorrResponse.cxx; sourceTree = "<group>"; };
		11FBC5BE1B8F5B7E00FCCF44 /* DJetCorrUnfold.cxx */ = {isa = PBXFileReference; lastKnownFileType = sourcecode.cpp.cpp; name = DJetCorrUnfold.cxx; path = ../DJetCorrUnfold.cxx; sourceTree = "<group>"; };
		11FBC5BF1B8F5B7E00FCCF44 /* HistoStyler.cxx */ = {isa = PBXFileReference; lastKnownFileType = sourcecode.cpp.cpp; name = HistoStyler.cxx; path = ../HistoStyler.cxx; sourceTree = "<group>"; };
		11FBC5C01B8F5B7E00FCCF44 /* MassFitter.cxx */ = {isa = PBXFileReference; lastKnownFileType = sourcecode.cpp.cpp; name = MassFitter.cxx; path = ../MassFitter.cxx; sourceTree = "<group>"; };
/* End PBXFileReference section */

/* Begin PBXGroup section */
		11FBC5A51B8F5B4100FCCF44 = {
			isa = PBXGroup;
			children = (
				11FBC5B91B8F5B7E00FCCF44 /* DJetCorrAnalysis.cxx */,
				11FBC5AC1B8F5B7E00FCCF44 /* DJetCorrAnalysis.h */,
				11FBC5BA1B8F5B7E00FCCF44 /* DJetCorrAnalysisComparer.cxx */,
				11FBC5AD1B8F5B7E00FCCF44 /* DJetCorrAnalysisComparer.h */,
				11FBC5BB1B8F5B7E00FCCF44 /* DJetCorrAnalysisParams.cxx */,
				11FBC5AE1B8F5B7E00FCCF44 /* DJetCorrAnalysisParams.h */,
				11FBC5BC1B8F5B7E00FCCF44 /* DJetCorrBase.cxx */,
				11FBC5AF1B8F5B7E00FCCF44 /* DJetCorrBase.h */,
				11FBC5BD1B8F5B7E00FCCF44 /* DJetCorrResponse.cxx */,
				11FBC5B01B8F5B7E00FCCF44 /* DJetCorrResponse.h */,
				11FBC5BE1B8F5B7E00FCCF44 /* DJetCorrUnfold.cxx */,
				11FBC5B11B8F5B7E00FCCF44 /* DJetCorrUnfold.h */,
				11FBC5BF1B8F5B7E00FCCF44 /* HistoStyler.cxx */,
				11FBC5B21B8F5B7E00FCCF44 /* HistoStyler.h */,
				11FBC5C01B8F5B7E00FCCF44 /* MassFitter.cxx */,
				11FBC5B31B8F5B7E00FCCF44 /* MassFitter.h */,
				11FBC5B41B8F5B7E00FCCF44 /* runDJetCorrAnalysis.C */,
				11FBC5B51B8F5B7E00FCCF44 /* runDJetCorrAnalysisComparer.C */,
				11FBC5B61B8F5B7E00FCCF44 /* runDJetCorrResponse.C */,
				11FBC5B71B8F5B7E00FCCF44 /* runDJetCorrUnfold.C */,
				11FBC5B81B8F5B7E00FCCF44 /* TestMassFitter.C */,
			);
			sourceTree = "<group>";
		};
/* End PBXGroup section */

/* Begin PBXProject section */
		11FBC5A61B8F5B4100FCCF44 /* Project object */ = {
			isa = PBXProject;
			attributes = {
				LastUpgradeCheck = 0700;
			};
			buildConfigurationList = 11FBC5A91B8F5B4100FCCF44 /* Build configuration list for PBXProject "DJetCorr" */;
			compatibilityVersion = "Xcode 6.3";
			developmentRegion = English;
			hasScannedForEncodings = 0;
			knownRegions = (
				en,
			);
			mainGroup = 11FBC5A51B8F5B4100FCCF44;
			projectDirPath = "";
			projectRoot = "";
			targets = (
			);
		};
/* End PBXProject section */

/* Begin XCBuildConfiguration section */
		11FBC5AA1B8F5B4100FCCF44 /* Debug */ = {
			isa = XCBuildConfiguration;
			buildSettings = {
				ENABLE_TESTABILITY = YES;
				ONLY_ACTIVE_ARCH = YES;
			};
			name = Debug;
		};
		11FBC5AB1B8F5B4100FCCF44 /* Release */ = {
			isa = XCBuildConfiguration;
			buildSettings = {
			};
			name = Release;
		};
/* End XCBuildConfiguration section */

/* Begin XCConfigurationList section */
		11FBC5A91B8F5B4100FCCF44 /* Build configuration list for PBXProject "DJetCorr" */ = {
			isa = XCConfigurationList;
			buildConfigurations = (
				11FBC5AA1B8F5B4100FCCF44 /* Debug */,
				11FBC5AB1B8F5B4100FCCF44 /* Release */,
			);
			defaultConfigurationIsVisible = 0;
			defaultConfigurationName = Release;
		};
/* End XCConfigurationList section */
	};
	rootObject = 11FBC5A61B8F5B4100FCCF44 /* Project object */;
}
